
Microsoft Visual Studio Solution File, Format Version 12.00
# Visual Studio Version 16
VisualStudioVersion = 16.0.30011.22
MinimumVisualStudioVersion = 10.0.40219.1
Project("{9A19103F-16F7-4668-BE54-9A1E7A4F7556}") = "Cache", "Cache\Cache.csproj", "{363AA7CF-15F0-4721-BE5E-AE46CC4C7695}"
EndProject
Project("{2150E333-8FDC-42A3-9474-1A3956D46DE8}") = "Solution Items", "Solution Items", "{60C33449-3C31-424F-956B-02652FCA1AC9}"
	ProjectSection(SolutionItems) = preProject
		.editorconfig = .editorconfig
	EndProjectSection
EndProject
Global
	GlobalSection(SolutionConfigurationPlatforms) = preSolution
		Debug|Any CPU = Debug|Any CPU
		Release|Any CPU = Release|Any CPU
	EndGlobalSection
	GlobalSection(ProjectConfigurationPlatforms) = postSolution
		{363AA7CF-15F0-4721-BE5E-AE46CC4C7695}.Debug|Any CPU.ActiveCfg = Debug|Any CPU
		{363AA7CF-15F0-4721-BE5E-AE46CC4C7695}.Debug|Any CPU.Build.0 = Debug|Any CPU
		{363AA7CF-15F0-4721-BE5E-AE46CC4C7695}.Release|Any CPU.ActiveCfg = Release|Any CPU
		{363AA7CF-15F0-4721-BE5E-AE46CC4C7695}.Release|Any CPU.Build.0 = Release|Any CPU
	EndGlobalSection
	GlobalSection(SolutionProperties) = preSolution
		HideSolutionNode = FALSE
	EndGlobalSection
	GlobalSection(ExtensibilityGlobals) = postSolution
		SolutionGuid = {F41BD44B-7961-42F7-AB85-60F3E735ECE8}
	EndGlobalSection
EndGlobal
